// !$*UTF8*$!
{
	archiveVersion = 1;
	classes = {
	};
	objectVersion = 46;
	objects = {

/* Begin PBXBuildFile section */
		1671ADE51D370BC100D0AA82 /* AppDelegate.swift in Sources */ = {isa = PBXBuildFile; fileRef = 1671ADE41D370BC100D0AA82 /* AppDelegate.swift */; };
		1671ADE71D370BC100D0AA82 /* ViewController.swift in Sources */ = {isa = PBXBuildFile; fileRef = 1671ADE61D370BC100D0AA82 /* ViewController.swift */; };
		1671ADEA1D370BC100D0AA82 /* Main.storyboard in Resources */ = {isa = PBXBuildFile; fileRef = 1671ADE81D370BC100D0AA82 /* Main.storyboard */; };
		1671ADEC1D370BC100D0AA82 /* Assets.xcassets in Resources */ = {isa = PBXBuildFile; fileRef = 1671ADEB1D370BC100D0AA82 /* Assets.xcassets */; };
		1671ADEF1D370BC100D0AA82 /* LaunchScreen.storyboard in Resources */ = {isa = PBXBuildFile; fileRef = 1671ADED1D370BC100D0AA82 /* LaunchScreen.storyboard */; };
		1671ADFA1D370BC100D0AA82 /* otherChatAppTests.swift in Sources */ = {isa = PBXBuildFile; fileRef = 1671ADF91D370BC100D0AA82 /* otherChatAppTests.swift */; };
		1671AE051D370BC100D0AA82 /* otherChatAppUITests.swift in Sources */ = {isa = PBXBuildFile; fileRef = 1671AE041D370BC100D0AA82 /* otherChatAppUITests.swift */; };
/* End PBXBuildFile section */

/* Begin PBXContainerItemProxy section */
		1671ADF61D370BC100D0AA82 /* PBXContainerItemProxy */ = {
			isa = PBXContainerItemProxy;
			containerPortal = 1671ADD91D370BC100D0AA82 /* Project object */;
			proxyType = 1;
			remoteGlobalIDString = 1671ADE01D370BC100D0AA82;
			remoteInfo = otherChatApp;
		};
		1671AE011D370BC100D0AA82 /* PBXContainerItemProxy */ = {
			isa = PBXContainerItemProxy;
			containerPortal = 1671ADD91D370BC100D0AA82 /* Project object */;
			proxyType = 1;
			remoteGlobalIDString = 1671ADE01D370BC100D0AA82;
			remoteInfo = otherChatApp;
		};
/* End PBXContainerItemProxy section */

/* Begin PBXFileReference section */
		1671ADE11D370BC100D0AA82 /* otherChatApp.app */ = {isa = PBXFileReference; explicitFileType = wrapper.application; includeInIndex = 0; path = otherChatApp.app; sourceTree = BUILT_PRODUCTS_DIR; };
		1671ADE41D370BC100D0AA82 /* AppDelegate.swift */ = {isa = PBXFileReference; lastKnownFileType = sourcecode.swift; path = AppDelegate.swift; sourceTree = "<group>"; };
		1671ADE61D370BC100D0AA82 /* ViewController.swift */ = {isa = PBXFileReference; lastKnownFileType = sourcecode.swift; path = ViewController.swift; sourceTree = "<group>"; };
		1671ADE91D370BC100D0AA82 /* Base */ = {isa = PBXFileReference; lastKnownFileType = file.storyboard; name = Base; path = Base.lproj/Main.storyboard; sourceTree = "<group>"; };
		1671ADEB1D370BC100D0AA82 /* Assets.xcassets */ = {isa = PBXFileReference; lastKnownFileType = folder.assetcatalog; path = Assets.xcassets; sourceTree = "<group>"; };
		1671ADEE1D370BC100D0AA82 /* Base */ = {isa = PBXFileReference; lastKnownFileType = file.storyboard; name = Base; path = Base.lproj/LaunchScreen.storyboard; sourceTree = "<group>"; };
		1671ADF01D370BC100D0AA82 /* Info.plist */ = {isa = PBXFileReference; lastKnownFileType = text.plist.xml; path = Info.plist; sourceTree = "<group>"; };
		1671ADF51D370BC100D0AA82 /* otherChatAppTests.xctest */ = {isa = PBXFileReference; explicitFileType = wrapper.cfbundle; includeInIndex = 0; path = otherChatAppTests.xctest; sourceTree = BUILT_PRODUCTS_DIR; };
		1671ADF91D370BC100D0AA82 /* otherChatAppTests.swift */ = {isa = PBXFileReference; lastKnownFileType = sourcecode.swift; path = otherChatAppTests.swift; sourceTree = "<group>"; };
		1671ADFB1D370BC100D0AA82 /* Info.plist */ = {isa = PBXFileReference; lastKnownFileType = text.plist.xml; path = Info.plist; sourceTree = "<group>"; };
		1671AE001D370BC100D0AA82 /* otherChatAppUITests.xctest */ = {isa = PBXFileReference; explicitFileType = wrapper.cfbundle; includeInIndex = 0; path = otherChatAppUITests.xctest; sourceTree = BUILT_PRODUCTS_DIR; };
		1671AE041D370BC100D0AA82 /* otherChatAppUITests.swift */ = {isa = PBXFileReference; lastKnownFileType = sourcecode.swift; path = otherChatAppUITests.swift; sourceTree = "<group>"; };
		1671AE061D370BC100D0AA82 /* Info.plist */ = {isa = PBXFileReference; lastKnownFileType = text.plist.xml; path = Info.plist; sourceTree = "<group>"; };
/* End PBXFileReference section */

/* Begin PBXFrameworksBuildPhase section */
		1671ADDE1D370BC100D0AA82 /* Frameworks */ = {
			isa = PBXFrameworksBuildPhase;
			buildActionMask = 2147483647;
			files = (
			);
			runOnlyForDeploymentPostprocessing = 0;
		};
		1671ADF21D370BC100D0AA82 /* Frameworks */ = {
			isa = PBXFrameworksBuildPhase;
			buildActionMask = 2147483647;
			files = (
			);
			runOnlyForDeploymentPostprocessing = 0;
		};
		1671ADFD1D370BC100D0AA82 /* Frameworks */ = {
			isa = PBXFrameworksBuildPhase;
			buildActionMask = 2147483647;
			files = (
			);
			runOnlyForDeploymentPostprocessing = 0;
		};
/* End PBXFrameworksBuildPhase section */

/* Begin PBXGroup section */
		1671ADD81D370BC100D0AA82 = {
			isa = PBXGroup;
			children = (
				1671ADE31D370BC100D0AA82 /* otherChatApp */,
				1671ADF81D370BC100D0AA82 /* otherChatAppTests */,
				1671AE031D370BC100D0AA82 /* otherChatAppUITests */,
				1671ADE21D370BC100D0AA82 /* Products */,
			);
			sourceTree = "<group>";
		};
		1671ADE21D370BC100D0AA82 /* Products */ = {
			isa = PBXGroup;
			children = (
				1671ADE11D370BC100D0AA82 /* otherChatApp.app */,
				1671ADF51D370BC100D0AA82 /* otherChatAppTests.xctest */,
				1671AE001D370BC100D0AA82 /* otherChatAppUITests.xctest */,
			);
			name = Products;
			sourceTree = "<group>";
		};
		1671ADE31D370BC100D0AA82 /* otherChatApp */ = {
			isa = PBXGroup;
			children = (
				1671ADE41D370BC100D0AA82 /* AppDelegate.swift */,
				1671ADE61D370BC100D0AA82 /* ViewController.swift */,
				1671ADE81D370BC100D0AA82 /* Main.storyboard */,
				1671ADEB1D370BC100D0AA82 /* Assets.xcassets */,
				1671ADED1D370BC100D0AA82 /* LaunchScreen.storyboard */,
				1671ADF01D370BC100D0AA82 /* Info.plist */,
			);
			path = otherChatApp;
			sourceTree = "<group>";
		};
		1671ADF81D370BC100D0AA82 /* otherChatAppTests */ = {
			isa = PBXGroup;
			children = (
				1671ADF91D370BC100D0AA82 /* otherChatAppTests.swift */,
				1671ADFB1D370BC100D0AA82 /* Info.plist */,
			);
			path = otherChatAppTests;
			sourceTree = "<group>";
		};
		1671AE031D370BC100D0AA82 /* otherChatAppUITests */ = {
			isa = PBXGroup;
			children = (
				1671AE041D370BC100D0AA82 /* otherChatAppUITests.swift */,
				1671AE061D370BC100D0AA82 /* Info.plist */,
			);
			path = otherChatAppUITests;
			sourceTree = "<group>";
		};
/* End PBXGroup section */

/* Begin PBXNativeTarget section */
		1671ADE01D370BC100D0AA82 /* otherChatApp */ = {
			isa = PBXNativeTarget;
			buildConfigurationList = 1671AE091D370BC100D0AA82 /* Build configuration list for PBXNativeTarget "otherChatApp" */;
			buildPhases = (
				1671ADDD1D370BC100D0AA82 /* Sources */,
				1671ADDE1D370BC100D0AA82 /* Frameworks */,
				1671ADDF1D370BC100D0AA82 /* Resources */,
			);
			buildRules = (
			);
			dependencies = (
			);
			name = otherChatApp;
			productName = otherChatApp;
			productReference = 1671ADE11D370BC100D0AA82 /* otherChatApp.app */;
			productType = "com.apple.product-type.application";
		};
		1671ADF41D370BC100D0AA82 /* otherChatAppTests */ = {
			isa = PBXNativeTarget;
			buildConfigurationList = 1671AE0C1D370BC100D0AA82 /* Build configuration list for PBXNativeTarget "otherChatAppTests" */;
			buildPhases = (
				1671ADF11D370BC100D0AA82 /* Sources */,
				1671ADF21D370BC100D0AA82 /* Frameworks */,
				1671ADF31D370BC100D0AA82 /* Resources */,
			);
			buildRules = (
			);
			dependencies = (
				1671ADF71D370BC100D0AA82 /* PBXTargetDependency */,
			);
			name = otherChatAppTests;
			productName = otherChatAppTests;
			productReference = 1671ADF51D370BC100D0AA82 /* otherChatAppTests.xctest */;
			productType = "com.apple.product-type.bundle.unit-test";
		};
		1671ADFF1D370BC100D0AA82 /* otherChatAppUITests */ = {
			isa = PBXNativeTarget;
			buildConfigurationList = 1671AE0F1D370BC100D0AA82 /* Build configuration list for PBXNativeTarget "otherChatAppUITests" */;
			buildPhases = (
				1671ADFC1D370BC100D0AA82 /* Sources */,
				1671ADFD1D370BC100D0AA82 /* Frameworks */,
				1671ADFE1D370BC100D0AA82 /* Resources */,
			);
			buildRules = (
			);
			dependencies = (
				1671AE021D370BC100D0AA82 /* PBXTargetDependency */,
			);
			name = otherChatAppUITests;
			productName = otherChatAppUITests;
			productReference = 1671AE001D370BC100D0AA82 /* otherChatAppUITests.xctest */;
			productType = "com.apple.product-type.bundle.ui-testing";
		};
/* End PBXNativeTarget section */

/* Begin PBXProject section */
		1671ADD91D370BC100D0AA82 /* Project object */ = {
			isa = PBXProject;
			attributes = {
				LastSwiftUpdateCheck = 0730;
				LastUpgradeCheck = 0730;
				ORGANIZATIONNAME = "John Montejano";
				TargetAttributes = {
					1671ADE01D370BC100D0AA82 = {
						CreatedOnToolsVersion = 7.3.1;
					};
					1671ADF41D370BC100D0AA82 = {
						CreatedOnToolsVersion = 7.3.1;
						TestTargetID = 1671ADE01D370BC100D0AA82;
					};
					1671ADFF1D370BC100D0AA82 = {
						CreatedOnToolsVersion = 7.3.1;
						TestTargetID = 1671ADE01D370BC100D0AA82;
					};
				};
			};
			buildConfigurationList = 1671ADDC1D370BC100D0AA82 /* Build configuration list for PBXProject "otherChatApp" */;
			compatibilityVersion = "Xcode 3.2";
			developmentRegion = English;
			hasScannedForEncodings = 0;
			knownRegions = (
				en,
				Base,
			);
			mainGroup = 1671ADD81D370BC100D0AA82;
			productRefGroup = 1671ADE21D370BC100D0AA82 /* Products */;
			projectDirPath = "";
			projectRoot = "";
			targets = (
				1671ADE01D370BC100D0AA82 /* otherChatApp */,
				1671ADF41D370BC100D0AA82 /* otherChatAppTests */,
				1671ADFF1D370BC100D0AA82 /* otherChatAppUITests */,
			);
		};
/* End PBXProject section */

/* Begin PBXResourcesBuildPhase section */
		1671ADDF1D370BC100D0AA82 /* Resources */ = {
			isa = PBXResourcesBuildPhase;
			buildActionMask = 2147483647;
			files = (
				1671ADEF1D370BC100D0AA82 /* LaunchScreen.storyboard in Resources */,
				1671ADEC1D370BC100D0AA82 /* Assets.xcassets in Resources */,
				1671ADEA1D370BC100D0AA82 /* Main.storyboard in Resources */,
			);
			runOnlyForDeploymentPostprocessing = 0;
		};
		1671ADF31D370BC100D0AA82 /* Resources */ = {
			isa = PBXResourcesBuildPhase;
			buildActionMask = 2147483647;
			files = (
			);
			runOnlyForDeploymentPostprocessing = 0;
		};
		1671ADFE1D370BC100D0AA82 /* Resources */ = {
			isa = PBXResourcesBuildPhase;
			buildActionMask = 2147483647;
			files = (
			);
			runOnlyForDeploymentPostprocessing = 0;
		};
/* End PBXResourcesBuildPhase section */

/* Begin PBXSourcesBuildPhase section */
		1671ADDD1D370BC100D0AA82 /* Sources */ = {
			isa = PBXSourcesBuildPhase;
			buildActionMask = 2147483647;
			files = (
				1671ADE71D370BC100D0AA82 /* ViewController.swift in Sources */,
				1671ADE51D370BC100D0AA82 /* AppDelegate.swift in Sources */,
			);
			runOnlyForDeploymentPostprocessing = 0;
		};
		1671ADF11D370BC100D0AA82 /* Sources */ = {
			isa = PBXSourcesBuildPhase;
			buildActionMask = 2147483647;
			files = (
				1671ADFA1D370BC100D0AA82 /* otherChatAppTests.swift in Sources */,
			);
			runOnlyForDeploymentPostprocessing = 0;
		};
		1671ADFC1D370BC100D0AA82 /* Sources */ = {
			isa = PBXSourcesBuildPhase;
			buildActionMask = 2147483647;
			files = (
				1671AE051D370BC100D0AA82 /* otherChatAppUITests.swift in Sources */,
			);
			runOnlyForDeploymentPostprocessing = 0;
		};
/* End PBXSourcesBuildPhase section */

/* Begin PBXTargetDependency section */
		1671ADF71D370BC100D0AA82 /* PBXTargetDependency */ = {
			isa = PBXTargetDependency;
			target = 1671ADE01D370BC100D0AA82 /* otherChatApp */;
			targetProxy = 1671ADF61D370BC100D0AA82 /* PBXContainerItemProxy */;
		};
		1671AE021D370BC100D0AA82 /* PBXTargetDependency */ = {
			isa = PBXTargetDependency;
			target = 1671ADE01D370BC100D0AA82 /* otherChatApp */;
			targetProxy = 1671AE011D370BC100D0AA82 /* PBXContainerItemProxy */;
		};
/* End PBXTargetDependency section */

/* Begin PBXVariantGroup section */
		1671ADE81D370BC100D0AA82 /* Main.storyboard */ = {
			isa = PBXVariantGroup;
			children = (
				1671ADE91D370BC100D0AA82 /* Base */,
			);
			name = Main.storyboard;
			sourceTree = "<group>";
		};
		1671ADED1D370BC100D0AA82 /* LaunchScreen.storyboard */ = {
			isa = PBXVariantGroup;
			children = (
				1671ADEE1D370BC100D0AA82 /* Base */,
			);
			name = LaunchScreen.storyboard;
			sourceTree = "<group>";
		};
/* End PBXVariantGroup section */

/* Begin XCBuildConfiguration section */
		1671AE071D370BC100D0AA82 /* Debug */ = {
			isa = XCBuildConfiguration;
			buildSettings = {
				ALWAYS_SEARCH_USER_PATHS = NO;
				CLANG_ANALYZER_NONNULL = YES;
				CLANG_CXX_LANGUAGE_STANDARD = "gnu++0x";
				CLANG_CXX_LIBRARY = "libc++";
				CLANG_ENABLE_MODULES = YES;
				CLANG_ENABLE_OBJC_ARC = YES;
				CLANG_WARN_BOOL_CONVERSION = YES;
				CLANG_WARN_CONSTANT_CONVERSION = YES;
				CLANG_WARN_DIRECT_OBJC_ISA_USAGE = YES_ERROR;
				CLANG_WARN_EMPTY_BODY = YES;
				CLANG_WARN_ENUM_CONVERSION = YES;
				CLANG_WARN_INT_CONVERSION = YES;
				CLANG_WARN_OBJC_ROOT_CLASS = YES_ERROR;
				CLANG_WARN_UNREACHABLE_CODE = YES;
				CLANG_WARN__DUPLICATE_METHOD_MATCH = YES;
				"CODE_SIGN_IDENTITY[sdk=iphoneos*]" = "iPhone Developer";
				COPY_PHASE_STRIP = NO;
				DEBUG_INFORMATION_FORMAT = dwarf;
				ENABLE_STRICT_OBJC_MSGSEND = YES;
				ENABLE_TESTABILITY = YES;
				GCC_C_LANGUAGE_STANDARD = gnu99;
				GCC_DYNAMIC_NO_PIC = NO;
				GCC_NO_COMMON_BLOCKS = YES;
				GCC_OPTIMIZATION_LEVEL = 0;
				GCC_PREPROCESSOR_DEFINITIONS = (
					"DEBUG=1",
					"$(inherited)",
				);
				GCC_WARN_64_TO_32_BIT_CONVERSION = YES;
				GCC_WARN_ABOUT_RETURN_TYPE = YES_ERROR;
				GCC_WARN_UNDECLARED_SELECTOR = YES;
				GCC_WARN_UNINITIALIZED_AUTOS = YES_AGGRESSIVE;
				GCC_WARN_UNUSED_FUNCTION = YES;
				GCC_WARN_UNUSED_VARIABLE = YES;
				IPHONEOS_DEPLOYMENT_TARGET = 9.3;
				MTL_ENABLE_DEBUG_INFO = YES;
				ONLY_ACTIVE_ARCH = YES;
				SDKROOT = iphoneos;
				SWIFT_OPTIMIZATION_LEVEL = "-Onone";
			};
			name = Debug;
		};
		1671AE081D370BC100D0AA82 /* Release */ = {
			isa = XCBuildConfiguration;
			buildSettings = {
				ALWAYS_SEARCH_USER_PATHS = NO;
				CLANG_ANALYZER_NONNULL = YES;
				CLANG_CXX_LANGUAGE_STANDARD = "gnu++0x";
				CLANG_CXX_LIBRARY = "libc++";
				CLANG_ENABLE_MODULES = YES;
				CLANG_ENABLE_OBJC_ARC = YES;
				CLANG_WARN_BOOL_CONVERSION = YES;
				CLANG_WARN_CONSTANT_CONVERSION = YES;
				CLANG_WARN_DIRECT_OBJC_ISA_USAGE = YES_ERROR;
				CLANG_WARN_EMPTY_BODY = YES;
				CLANG_WARN_ENUM_CONVERSION = YES;
				CLANG_WARN_INT_CONVERSION = YES;
				CLANG_WARN_OBJC_ROOT_CLASS = YES_ERROR;
				CLANG_WARN_UNREACHABLE_CODE = YES;
				CLANG_WARN__DUPLICATE_METHOD_MATCH = YES;
				"CODE_SIGN_IDENTITY[sdk=iphoneos*]" = "iPhone Developer";
				COPY_PHASE_STRIP = NO;
				DEBUG_INFORMATION_FORMAT = "dwarf-with-dsym";
				ENABLE_NS_ASSERTIONS = NO;
				ENABLE_STRICT_OBJC_MSGSEND = YES;
				GCC_C_LANGUAGE_STANDARD = gnu99;
				GCC_NO_COMMON_BLOCKS = YES;
				GCC_WARN_64_TO_32_BIT_CONVERSION = YES;
				GCC_WARN_ABOUT_RETURN_TYPE = YES_ERROR;
				GCC_WARN_UNDECLARED_SELECTOR = YES;
				GCC_WARN_UNINITIALIZED_AUTOS = YES_AGGRESSIVE;
				GCC_WARN_UNUSED_FUNCTION = YES;
				GCC_WARN_UNUSED_VARIABLE = YES;
				IPHONEOS_DEPLOYMENT_TARGET = 9.3;
				MTL_ENABLE_DEBUG_INFO = NO;
				SDKROOT = iphoneos;
				VALIDATE_PRODUCT = YES;
			};
			name = Release;
		};
		1671AE0A1D370BC100D0AA82 /* Debug */ = {
			isa = XCBuildConfiguration;
			buildSettings = {
				ASSETCATALOG_COMPILER_APPICON_NAME = AppIcon;
				INFOPLIST_FILE = otherChatApp/Info.plist;
				LD_RUNPATH_SEARCH_PATHS = "$(inherited) @executable_path/Frameworks";
				PRODUCT_BUNDLE_IDENTIFIER = john.otherChatApp;
				PRODUCT_NAME = "$(TARGET_NAME)";
			};
			name = Debug;
		};
		1671AE0B1D370BC100D0AA82 /* Release */ = {
			isa = XCBuildConfiguration;
			buildSettings = {
				ASSETCATALOG_COMPILER_APPICON_NAME = AppIcon;
				INFOPLIST_FILE = otherChatApp/Info.plist;
				LD_RUNPATH_SEARCH_PATHS = "$(inherited) @executable_path/Frameworks";
				PRODUCT_BUNDLE_IDENTIFIER = john.otherChatApp;
				PRODUCT_NAME = "$(TARGET_NAME)";
			};
			name = Release;
		};
		1671AE0D1D370BC100D0AA82 /* Debug */ = {
			isa = XCBuildConfiguration;
			buildSettings = {
				BUNDLE_LOADER = "$(TEST_HOST)";
				INFOPLIST_FILE = otherChatAppTests/Info.plist;
				LD_RUNPATH_SEARCH_PATHS = "$(inherited) @executable_path/Frameworks @loader_path/Frameworks";
				PRODUCT_BUNDLE_IDENTIFIER = john.otherChatAppTests;
				PRODUCT_NAME = "$(TARGET_NAME)";
				TEST_HOST = "$(BUILT_PRODUCTS_DIR)/otherChatApp.app/otherChatApp";
			};
			name = Debug;
		};
		1671AE0E1D370BC100D0AA82 /* Release */ = {
			isa = XCBuildConfiguration;
			buildSettings = {
				BUNDLE_LOADER = "$(TEST_HOST)";
				INFOPLIST_FILE = otherChatAppTests/Info.plist;
				LD_RUNPATH_SEARCH_PATHS = "$(inherited) @executable_path/Frameworks @loader_path/Frameworks";
				PRODUCT_BUNDLE_IDENTIFIER = john.otherChatAppTests;
				PRODUCT_NAME = "$(TARGET_NAME)";
				TEST_HOST = "$(BUILT_PRODUCTS_DIR)/otherChatApp.app/otherChatApp";
			};
			name = Release;
		};
		1671AE101D370BC100D0AA82 /* Debug */ = {
			isa = XCBuildConfiguration;
			buildSettings = {
				INFOPLIST_FILE = otherChatAppUITests/Info.plist;
				LD_RUNPATH_SEARCH_PATHS = "$(inherited) @executable_path/Frameworks @loader_path/Frameworks";
				PRODUCT_BUNDLE_IDENTIFIER = john.otherChatAppUITests;
				PRODUCT_NAME = "$(TARGET_NAME)";
				TEST_TARGET_NAME = otherChatApp;
			};
			name = Debug;
		};
		1671AE111D370BC100D0AA82 /* Release */ = {
			isa = XCBuildConfiguration;
			buildSettings = {
				INFOPLIST_FILE = otherChatAppUITests/Info.plist;
				LD_RUNPATH_SEARCH_PATHS = "$(inherited) @executable_path/Frameworks @loader_path/Frameworks";
				PRODUCT_BUNDLE_IDENTIFIER = john.otherChatAppUITests;
				PRODUCT_NAME = "$(TARGET_NAME)";
				TEST_TARGET_NAME = otherChatApp;
			};
			name = Release;
		};
/* End XCBuildConfiguration section */

/* Begin XCConfigurationList section */
		1671ADDC1D370BC100D0AA82 /* Build configuration list for PBXProject "otherChatApp" */ = {
			isa = XCConfigurationList;
			buildConfigurations = (
				1671AE071D370BC100D0AA82 /* Debug */,
				1671AE081D370BC100D0AA82 /* Release */,
			);
			defaultConfigurationIsVisible = 0;
			defaultConfigurationName = Release;
		};
		1671AE091D370BC100D0AA82 /* Build configuration list for PBXNativeTarget "otherChatApp" */ = {
			isa = XCConfigurationList;
			buildConfigurations = (
				1671AE0A1D370BC100D0AA82 /* Debug */,
				1671AE0B1D370BC100D0AA82 /* Release */,
			);
			defaultConfigurationIsVisible = 0;
		};
		1671AE0C1D370BC100D0AA82 /* Build configuration list for PBXNativeTarget "otherChatAppTests" */ = {
			isa = XCConfigurationList;
			buildConfigurations = (
				1671AE0D1D370BC100D0AA82 /* Debug */,
				1671AE0E1D370BC100D0AA82 /* Release */,
			);
			defaultConfigurationIsVisible = 0;
		};
		1671AE0F1D370BC100D0AA82 /* Build configuration list for PBXNativeTarget "otherChatAppUITests" */ = {
			isa = XCConfigurationList;
			buildConfigurations = (
				1671AE101D370BC100D0AA82 /* Debug */,
				1671AE111D370BC100D0AA82 /* Release */,
			);
			defaultConfigurationIsVisible = 0;
		};
/* End XCConfigurationList section */
	};
	rootObject = 1671ADD91D370BC100D0AA82 /* Project object */;
}
